// !$*UTF8*$!
{
	archiveVersion = 1;
	classes = {
	};
	objectVersion = 46;
	objects = {

/* Begin PBXBuildFile section */
		032040612939120E00F7518A /* InstructionViewController.swift in Sources */ = {isa = PBXBuildFile; fileRef = 032040602939120E00F7518A /* InstructionViewController.swift */; };
		032040642939137C00F7518A /* Instruction.swift in Sources */ = {isa = PBXBuildFile; fileRef = 032040632939137C00F7518A /* Instruction.swift */; };
		0320406729391B2900F7518A /* Constants.swift in Sources */ = {isa = PBXBuildFile; fileRef = 0320406629391B2900F7518A /* Constants.swift */; };
		037BA1A3293D194E0050DDE9 /* ProcessingViewController.swift in Sources */ = {isa = PBXBuildFile; fileRef = 037BA1A2293D194E0050DDE9 /* ProcessingViewController.swift */; };
		03B0C0F8292A8B1C00F4CEE9 /* Extensions.swift in Sources */ = {isa = PBXBuildFile; fileRef = 03B0C0F7292A8B1C00F4CEE9 /* Extensions.swift */; };
		03D6636D2944C6F000045653 /* FoodInfoItem.swift in Sources */ = {isa = PBXBuildFile; fileRef = 03D6636C2944C6F000045653 /* FoodInfoItem.swift */; };
		03E06CD92943A70F00917E2D /* FoodInfo.swift in Sources */ = {isa = PBXBuildFile; fileRef = 03E06CD82943A70F00917E2D /* FoodInfo.swift */; };
		03E06CDC2943ACEC00917E2D /* TVCLFoodInfo.swift in Sources */ = {isa = PBXBuildFile; fileRef = 03E06CDA2943ACEC00917E2D /* TVCLFoodInfo.swift */; };
		03E06CDD2943ACEC00917E2D /* TVCLFoodInfo.xib in Resources */ = {isa = PBXBuildFile; fileRef = 03E06CDB2943ACEC00917E2D /* TVCLFoodInfo.xib */; };
		03E06CDF2943B59700917E2D /* Media.swift in Sources */ = {isa = PBXBuildFile; fileRef = 03E06CDE2943B59700917E2D /* Media.swift */; };
		03E94FBB293E5EB500B769EF /* loading.gif in Resources */ = {isa = PBXBuildFile; fileRef = 03E94FBA293E5EB500B769EF /* loading.gif */; };
		03E94FBF293E6C7A00B769EF /* ProgressDescription.swift in Sources */ = {isa = PBXBuildFile; fileRef = 03E94FBE293E6C7A00B769EF /* ProgressDescription.swift */; };
		03E94FC1293F605D00B769EF /* ResultViewController.swift in Sources */ = {isa = PBXBuildFile; fileRef = 03E94FC0293F605D00B769EF /* ResultViewController.swift */; };
		03E94FC3293F608300B769EF /* FoodInfoResponse.swift in Sources */ = {isa = PBXBuildFile; fileRef = 03E94FC2293F608300B769EF /* FoodInfoResponse.swift */; };
		03E94FC5293F616F00B769EF /* Nutrients.swift in Sources */ = {isa = PBXBuildFile; fileRef = 03E94FC4293F616F00B769EF /* Nutrients.swift */; };
		03E94FC92941C92E00B769EF /* LibraryInfo.swift in Sources */ = {isa = PBXBuildFile; fileRef = 03E94FC82941C92E00B769EF /* LibraryInfo.swift */; };
		7AA677151CFF765600B353FB /* AppDelegate.swift in Sources */ = {isa = PBXBuildFile; fileRef = 7AA677141CFF765600B353FB /* AppDelegate.swift */; };
		7AA677171CFF765600B353FB /* CameraViewController.swift in Sources */ = {isa = PBXBuildFile; fileRef = 7AA677161CFF765600B353FB /* CameraViewController.swift */; };
		7AA6771A1CFF765600B353FB /* Main.storyboard in Resources */ = {isa = PBXBuildFile; fileRef = 7AA677181CFF765600B353FB /* Main.storyboard */; };
		7AA6771C1CFF765600B353FB /* Assets.xcassets in Resources */ = {isa = PBXBuildFile; fileRef = 7AA6771B1CFF765600B353FB /* Assets.xcassets */; };
		7AA6771F1CFF765600B353FB /* LaunchScreen.storyboard in Resources */ = {isa = PBXBuildFile; fileRef = 7AA6771D1CFF765600B353FB /* LaunchScreen.storyboard */; };
		7AA677271CFF774800B353FB /* PhotoCaptureDelegate.swift in Sources */ = {isa = PBXBuildFile; fileRef = 7AA677261CFF774800B353FB /* PhotoCaptureDelegate.swift */; };
		7AA677291CFF7B5C00B353FB /* PreviewView.swift in Sources */ = {isa = PBXBuildFile; fileRef = 7AA677281CFF7B5C00B353FB /* PreviewView.swift */; };
/* End PBXBuildFile section */

/* Begin PBXFileReference section */
		032040602939120E00F7518A /* InstructionViewController.swift */ = {isa = PBXFileReference; lastKnownFileType = sourcecode.swift; path = InstructionViewController.swift; sourceTree = "<group>"; };
		032040632939137C00F7518A /* Instruction.swift */ = {isa = PBXFileReference; lastKnownFileType = sourcecode.swift; path = Instruction.swift; sourceTree = "<group>"; };
		0320406629391B2900F7518A /* Constants.swift */ = {isa = PBXFileReference; lastKnownFileType = sourcecode.swift; path = Constants.swift; sourceTree = "<group>"; };
		037BA1A2293D194E0050DDE9 /* ProcessingViewController.swift */ = {isa = PBXFileReference; lastKnownFileType = sourcecode.swift; path = ProcessingViewController.swift; sourceTree = "<group>"; };
		03B0C0F7292A8B1C00F4CEE9 /* Extensions.swift */ = {isa = PBXFileReference; lastKnownFileType = sourcecode.swift; path = Extensions.swift; sourceTree = "<group>"; };
		03D6636C2944C6F000045653 /* FoodInfoItem.swift */ = {isa = PBXFileReference; lastKnownFileType = sourcecode.swift; path = FoodInfoItem.swift; sourceTree = "<group>"; };
		03E06CD82943A70F00917E2D /* FoodInfo.swift */ = {isa = PBXFileReference; lastKnownFileType = sourcecode.swift; path = FoodInfo.swift; sourceTree = "<group>"; };
		03E06CDA2943ACEC00917E2D /* TVCLFoodInfo.swift */ = {isa = PBXFileReference; lastKnownFileType = sourcecode.swift; path = TVCLFoodInfo.swift; sourceTree = "<group>"; };
		03E06CDB2943ACEC00917E2D /* TVCLFoodInfo.xib */ = {isa = PBXFileReference; lastKnownFileType = file.xib; path = TVCLFoodInfo.xib; sourceTree = "<group>"; };
		03E06CDE2943B59700917E2D /* Media.swift */ = {isa = PBXFileReference; lastKnownFileType = sourcecode.swift; path = Media.swift; sourceTree = "<group>"; };
		03E94FBA293E5EB500B769EF /* loading.gif */ = {isa = PBXFileReference; lastKnownFileType = image.gif; name = loading.gif; path = ../../../../04_helper/gifs/loading.gif; sourceTree = "<group>"; };
		03E94FBE293E6C7A00B769EF /* ProgressDescription.swift */ = {isa = PBXFileReference; lastKnownFileType = sourcecode.swift; path = ProgressDescription.swift; sourceTree = "<group>"; };
		03E94FC0293F605D00B769EF /* ResultViewController.swift */ = {isa = PBXFileReference; lastKnownFileType = sourcecode.swift; path = ResultViewController.swift; sourceTree = "<group>"; };
		03E94FC2293F608300B769EF /* FoodInfoResponse.swift */ = {isa = PBXFileReference; lastKnownFileType = sourcecode.swift; path = FoodInfoResponse.swift; sourceTree = "<group>"; };
		03E94FC4293F616F00B769EF /* Nutrients.swift */ = {isa = PBXFileReference; lastKnownFileType = sourcecode.swift; path = Nutrients.swift; sourceTree = "<group>"; };
		03E94FC82941C92E00B769EF /* LibraryInfo.swift */ = {isa = PBXFileReference; lastKnownFileType = sourcecode.swift; path = LibraryInfo.swift; sourceTree = "<group>"; };
		7AA677111CFF765600B353FB /* FoodAnalyser.app */ = {isa = PBXFileReference; explicitFileType = wrapper.application; includeInIndex = 0; path = FoodAnalyser.app; sourceTree = BUILT_PRODUCTS_DIR; };
		7AA677141CFF765600B353FB /* AppDelegate.swift */ = {isa = PBXFileReference; lastKnownFileType = sourcecode.swift; path = AppDelegate.swift; sourceTree = "<group>"; };
		7AA677161CFF765600B353FB /* CameraViewController.swift */ = {isa = PBXFileReference; lastKnownFileType = sourcecode.swift; path = CameraViewController.swift; sourceTree = "<group>"; };
		7AA677191CFF765600B353FB /* Base */ = {isa = PBXFileReference; lastKnownFileType = file.storyboard; name = Base; path = Base.lproj/Main.storyboard; sourceTree = "<group>"; };
		7AA6771B1CFF765600B353FB /* Assets.xcassets */ = {isa = PBXFileReference; lastKnownFileType = folder.assetcatalog; path = Assets.xcassets; sourceTree = "<group>"; };
		7AA6771E1CFF765600B353FB /* Base */ = {isa = PBXFileReference; lastKnownFileType = file.storyboard; name = Base; path = Base.lproj/LaunchScreen.storyboard; sourceTree = "<group>"; };
		7AA677201CFF765600B353FB /* Info.plist */ = {isa = PBXFileReference; lastKnownFileType = text.plist.xml; path = Info.plist; sourceTree = "<group>"; };
		7AA677261CFF774800B353FB /* PhotoCaptureDelegate.swift */ = {isa = PBXFileReference; fileEncoding = 4; lastKnownFileType = sourcecode.swift; path = PhotoCaptureDelegate.swift; sourceTree = "<group>"; };
		7AA677281CFF7B5C00B353FB /* PreviewView.swift */ = {isa = PBXFileReference; fileEncoding = 4; lastKnownFileType = sourcecode.swift; path = PreviewView.swift; sourceTree = "<group>"; };
		D4D50724A9FAAAE2653232EA /* LICENSE.txt */ = {isa = PBXFileReference; includeInIndex = 1; lastKnownFileType = text; path = LICENSE.txt; sourceTree = "<group>"; };
		F832D8CBECBB204152E1E99B /* SampleCode.xcconfig */ = {isa = PBXFileReference; lastKnownFileType = text.xcconfig; name = SampleCode.xcconfig; path = ../Configuration/SampleCode.xcconfig; sourceTree = "<group>"; };
/* End PBXFileReference section */

/* Begin PBXFrameworksBuildPhase section */
		7AA6770E1CFF765500B353FB /* Frameworks */ = {
			isa = PBXFrameworksBuildPhase;
			buildActionMask = 2147483647;
			files = (
			);
			runOnlyForDeploymentPostprocessing = 0;
		};
/* End PBXFrameworksBuildPhase section */

/* Begin PBXGroup section */
		032040622939132B00F7518A /* Models */ = {
			isa = PBXGroup;
			children = (
				032040632939137C00F7518A /* Instruction.swift */,
				03E94FBE293E6C7A00B769EF /* ProgressDescription.swift */,
				7AA677281CFF7B5C00B353FB /* PreviewView.swift */,
				03E94FC2293F608300B769EF /* FoodInfoResponse.swift */,
				03E06CD82943A70F00917E2D /* FoodInfo.swift */,
				03D6636C2944C6F000045653 /* FoodInfoItem.swift */,
				03E94FC4293F616F00B769EF /* Nutrients.swift */,
				03E94FC82941C92E00B769EF /* LibraryInfo.swift */,
				03E06CDE2943B59700917E2D /* Media.swift */,
			);
			path = Models;
			sourceTree = "<group>";
		};
		0320406529391B1A00F7518A /* Configuration */ = {
			isa = PBXGroup;
			children = (
				7AA677141CFF765600B353FB /* AppDelegate.swift */,
				0320406629391B2900F7518A /* Constants.swift */,
			);
			path = Configuration;
			sourceTree = "<group>";
		};
		03ACDFA8293DF67800EF8C77 /* ViewControllers */ = {
			isa = PBXGroup;
			children = (
				7AA677161CFF765600B353FB /* CameraViewController.swift */,
				032040602939120E00F7518A /* InstructionViewController.swift */,
				037BA1A2293D194E0050DDE9 /* ProcessingViewController.swift */,
				03E94FC0293F605D00B769EF /* ResultViewController.swift */,
			);
			path = ViewControllers;
			sourceTree = "<group>";
		};
		03ACDFA9293DF6A500EF8C77 /* Helper */ = {
			isa = PBXGroup;
			children = (
				03B0C0F7292A8B1C00F4CEE9 /* Extensions.swift */,
				7AA677261CFF774800B353FB /* PhotoCaptureDelegate.swift */,
				03E06CDA2943ACEC00917E2D /* TVCLFoodInfo.swift */,
				03E06CDB2943ACEC00917E2D /* TVCLFoodInfo.xib */,
			);
			path = Helper;
			sourceTree = "<group>";
		};
		03E94FB7293E1B3700B769EF /* Media */ = {
			isa = PBXGroup;
			children = (
				03E94FBA293E5EB500B769EF /* loading.gif */,
			);
			path = Media;
			sourceTree = "<group>";
		};
		3ED39896C9EF62134C9B2D4C /* LICENSE */ = {
			isa = PBXGroup;
			children = (
				D4D50724A9FAAAE2653232EA /* LICENSE.txt */,
			);
			name = LICENSE;
			path = ../LICENSE;
			sourceTree = "<group>";
		};
		7AA677081CFF765500B353FB = {
			isa = PBXGroup;
			children = (
				7AA677131CFF765600B353FB /* FoodAnalyser */,
				7AA677121CFF765600B353FB /* Products */,
				DF594A7680971C5690D94783 /* Configuration */,
				3ED39896C9EF62134C9B2D4C /* LICENSE */,
			);
			sourceTree = "<group>";
		};
		7AA677121CFF765600B353FB /* Products */ = {
			isa = PBXGroup;
			children = (
				7AA677111CFF765600B353FB /* FoodAnalyser.app */,
			);
			name = Products;
			sourceTree = "<group>";
		};
		7AA677131CFF765600B353FB /* FoodAnalyser */ = {
			isa = PBXGroup;
			children = (
				0320406529391B1A00F7518A /* Configuration */,
				03ACDFA9293DF6A500EF8C77 /* Helper */,
				03E94FB7293E1B3700B769EF /* Media */,
				032040622939132B00F7518A /* Models */,
				03ACDFA8293DF67800EF8C77 /* ViewControllers */,
				7AA677181CFF765600B353FB /* Main.storyboard */,
				7AA6771D1CFF765600B353FB /* LaunchScreen.storyboard */,
				7AA6771B1CFF765600B353FB /* Assets.xcassets */,
				7AA677201CFF765600B353FB /* Info.plist */,
			);
			path = FoodAnalyser;
			sourceTree = "<group>";
		};
		DF594A7680971C5690D94783 /* Configuration */ = {
			isa = PBXGroup;
			children = (
				F832D8CBECBB204152E1E99B /* SampleCode.xcconfig */,
			);
			name = Configuration;
			sourceTree = "<group>";
		};
/* End PBXGroup section */

/* Begin PBXNativeTarget section */
		7AA677101CFF765500B353FB /* FoodAnalyser */ = {
			isa = PBXNativeTarget;
			buildConfigurationList = 7AA677231CFF765600B353FB /* Build configuration list for PBXNativeTarget "FoodAnalyser" */;
			buildPhases = (
				7AA6770D1CFF765500B353FB /* Sources */,
				7AA6770E1CFF765500B353FB /* Frameworks */,
				7AA6770F1CFF765500B353FB /* Resources */,
			);
			buildRules = (
			);
			dependencies = (
			);
			name = FoodAnalyser;
			productName = AVCam;
			productReference = 7AA677111CFF765600B353FB /* FoodAnalyser.app */;
			productType = "com.apple.product-type.application";
		};
/* End PBXNativeTarget section */

/* Begin PBXProject section */
		7AA677091CFF765500B353FB /* Project object */ = {
			isa = PBXProject;
			attributes = {
				LastSwiftUpdateCheck = 0800;
				LastUpgradeCheck = 1200;
				ORGANIZATIONNAME = Apple;
				TargetAttributes = {
					7AA677101CFF765500B353FB = {
						CreatedOnToolsVersion = 8.0;
						DevelopmentTeam = SS49K8ZTL9;
						LastSwiftMigration = 1100;
						ProvisioningStyle = Automatic;
					};
				};
			};
			buildConfigurationList = 7AA6770C1CFF765500B353FB /* Build configuration list for PBXProject "Food Analyser" */;
			compatibilityVersion = "Xcode 3.2";
			developmentRegion = en;
			hasScannedForEncodings = 0;
			knownRegions = (
				en,
				Base,
			);
			mainGroup = 7AA677081CFF765500B353FB;
			productRefGroup = 7AA677121CFF765600B353FB /* Products */;
			projectDirPath = "";
			projectRoot = "";
			targets = (
				7AA677101CFF765500B353FB /* FoodAnalyser */,
			);
		};
/* End PBXProject section */

/* Begin PBXResourcesBuildPhase section */
		7AA6770F1CFF765500B353FB /* Resources */ = {
			isa = PBXResourcesBuildPhase;
			buildActionMask = 2147483647;
			files = (
				7AA6771F1CFF765600B353FB /* LaunchScreen.storyboard in Resources */,
				7AA6771C1CFF765600B353FB /* Assets.xcassets in Resources */,
				03E06CDD2943ACEC00917E2D /* TVCLFoodInfo.xib in Resources */,
				03E94FBB293E5EB500B769EF /* loading.gif in Resources */,
				7AA6771A1CFF765600B353FB /* Main.storyboard in Resources */,
			);
			runOnlyForDeploymentPostprocessing = 0;
		};
/* End PBXResourcesBuildPhase section */

/* Begin PBXSourcesBuildPhase section */
		7AA6770D1CFF765500B353FB /* Sources */ = {
			isa = PBXSourcesBuildPhase;
			buildActionMask = 2147483647;
			files = (
				037BA1A3293D194E0050DDE9 /* ProcessingViewController.swift in Sources */,
				03B0C0F8292A8B1C00F4CEE9 /* Extensions.swift in Sources */,
				7AA677271CFF774800B353FB /* PhotoCaptureDelegate.swift in Sources */,
				7AA677291CFF7B5C00B353FB /* PreviewView.swift in Sources */,
				032040642939137C00F7518A /* Instruction.swift in Sources */,
				03E94FBF293E6C7A00B769EF /* ProgressDescription.swift in Sources */,
				03D6636D2944C6F000045653 /* FoodInfoItem.swift in Sources */,
				03E94FC92941C92E00B769EF /* LibraryInfo.swift in Sources */,
				032040612939120E00F7518A /* InstructionViewController.swift in Sources */,
				7AA677171CFF765600B353FB /* CameraViewController.swift in Sources */,
				7AA677151CFF765600B353FB /* AppDelegate.swift in Sources */,
				0320406729391B2900F7518A /* Constants.swift in Sources */,
				03E06CDF2943B59700917E2D /* Media.swift in Sources */,
				03E94FC5293F616F00B769EF /* Nutrients.swift in Sources */,
				03E94FC3293F608300B769EF /* FoodInfoResponse.swift in Sources */,
				03E06CDC2943ACEC00917E2D /* TVCLFoodInfo.swift in Sources */,
				03E06CD92943A70F00917E2D /* FoodInfo.swift in Sources */,
				03E94FC1293F605D00B769EF /* ResultViewController.swift in Sources */,
			);
			runOnlyForDeploymentPostprocessing = 0;
		};
/* End PBXSourcesBuildPhase section */

/* Begin PBXVariantGroup section */
		7AA677181CFF765600B353FB /* Main.storyboard */ = {
			isa = PBXVariantGroup;
			children = (
				7AA677191CFF765600B353FB /* Base */,
			);
			name = Main.storyboard;
			sourceTree = "<group>";
		};
		7AA6771D1CFF765600B353FB /* LaunchScreen.storyboard */ = {
			isa = PBXVariantGroup;
			children = (
				7AA6771E1CFF765600B353FB /* Base */,
			);
			name = LaunchScreen.storyboard;
			sourceTree = "<group>";
		};
/* End PBXVariantGroup section */

/* Begin XCBuildConfiguration section */
		7AA677211CFF765600B353FB /* Debug */ = {
			isa = XCBuildConfiguration;
			baseConfigurationReference = F832D8CBECBB204152E1E99B /* SampleCode.xcconfig */;
			buildSettings = {
				ALWAYS_SEARCH_USER_PATHS = NO;
				CLANG_ANALYZER_LOCALIZABILITY_NONLOCALIZED = YES;
				CLANG_ANALYZER_NONNULL = YES;
				CLANG_CXX_LANGUAGE_STANDARD = "gnu++0x";
				CLANG_CXX_LIBRARY = "libc++";
				CLANG_ENABLE_MODULES = YES;
				CLANG_ENABLE_OBJC_ARC = YES;
				CLANG_WARN_BLOCK_CAPTURE_AUTORELEASING = YES;
				CLANG_WARN_BOOL_CONVERSION = YES;
				CLANG_WARN_COMMA = YES;
				CLANG_WARN_CONSTANT_CONVERSION = YES;
				CLANG_WARN_DEPRECATED_OBJC_IMPLEMENTATIONS = YES;
				CLANG_WARN_DIRECT_OBJC_ISA_USAGE = YES_ERROR;
				CLANG_WARN_DOCUMENTATION_COMMENTS = YES;
				CLANG_WARN_EMPTY_BODY = YES;
				CLANG_WARN_ENUM_CONVERSION = YES;
				CLANG_WARN_INFINITE_RECURSION = YES;
				CLANG_WARN_INT_CONVERSION = YES;
				CLANG_WARN_NON_LITERAL_NULL_CONVERSION = YES;
				CLANG_WARN_OBJC_IMPLICIT_RETAIN_SELF = YES;
				CLANG_WARN_OBJC_LITERAL_CONVERSION = YES;
				CLANG_WARN_OBJC_ROOT_CLASS = YES_ERROR;
				CLANG_WARN_QUOTED_INCLUDE_IN_FRAMEWORK_HEADER = YES;
				CLANG_WARN_RANGE_LOOP_ANALYSIS = YES;
				CLANG_WARN_STRICT_PROTOTYPES = YES;
				CLANG_WARN_SUSPICIOUS_MOVE = YES;
				CLANG_WARN_UNREACHABLE_CODE = YES;
				CLANG_WARN__DUPLICATE_METHOD_MATCH = YES;
				"CODE_SIGN_IDENTITY[sdk=iphoneos*]" = "iPhone Developer";
				COPY_PHASE_STRIP = NO;
				DEBUG_INFORMATION_FORMAT = dwarf;
				ENABLE_STRICT_OBJC_MSGSEND = YES;
				ENABLE_TESTABILITY = YES;
				GCC_C_LANGUAGE_STANDARD = gnu99;
				GCC_DYNAMIC_NO_PIC = NO;
				GCC_NO_COMMON_BLOCKS = YES;
				GCC_OPTIMIZATION_LEVEL = 0;
				GCC_PREPROCESSOR_DEFINITIONS = (
					"DEBUG=1",
					"$(inherited)",
				);
				GCC_WARN_64_TO_32_BIT_CONVERSION = YES;
				GCC_WARN_ABOUT_RETURN_TYPE = YES_ERROR;
				GCC_WARN_UNDECLARED_SELECTOR = YES;
				GCC_WARN_UNINITIALIZED_AUTOS = YES_AGGRESSIVE;
				GCC_WARN_UNUSED_FUNCTION = YES;
				GCC_WARN_UNUSED_VARIABLE = YES;
				IPHONEOS_DEPLOYMENT_TARGET = 15.0;
				MTL_ENABLE_DEBUG_INFO = YES;
				ONLY_ACTIVE_ARCH = YES;
				SDKROOT = iphoneos;
				SWIFT_ACTIVE_COMPILATION_CONDITIONS = DEBUG;
				SWIFT_OPTIMIZATION_LEVEL = "-Onone";
				SWIFT_VERSION = 4.2;
				TARGETED_DEVICE_FAMILY = "1,2";
			};
			name = Debug;
		};
		7AA677221CFF765600B353FB /* Release */ = {
			isa = XCBuildConfiguration;
			baseConfigurationReference = F832D8CBECBB204152E1E99B /* SampleCode.xcconfig */;
			buildSettings = {
				ALWAYS_SEARCH_USER_PATHS = NO;
				CLANG_ANALYZER_LOCALIZABILITY_NONLOCALIZED = YES;
				CLANG_ANALYZER_NONNULL = YES;
				CLANG_CXX_LANGUAGE_STANDARD = "gnu++0x";
				CLANG_CXX_LIBRARY = "libc++";
				CLANG_ENABLE_MODULES = YES;
				CLANG_ENABLE_OBJC_ARC = YES;
				CLANG_WARN_BLOCK_CAPTURE_AUTORELEASING = YES;
				CLANG_WARN_BOOL_CONVERSION = YES;
				CLANG_WARN_COMMA = YES;
				CLANG_WARN_CONSTANT_CONVERSION = YES;
				CLANG_WARN_DEPRECATED_OBJC_IMPLEMENTATIONS = YES;
				CLANG_WARN_DIRECT_OBJC_ISA_USAGE = YES_ERROR;
				CLANG_WARN_DOCUMENTATION_COMMENTS = YES;
				CLANG_WARN_EMPTY_BODY = YES;
				CLANG_WARN_ENUM_CONVERSION = YES;
				CLANG_WARN_INFINITE_RECURSION = YES;
				CLANG_WARN_INT_CONVERSION = YES;
				CLANG_WARN_NON_LITERAL_NULL_CONVERSION = YES;
				CLANG_WARN_OBJC_IMPLICIT_RETAIN_SELF = YES;
				CLANG_WARN_OBJC_LITERAL_CONVERSION = YES;
				CLANG_WARN_OBJC_ROOT_CLASS = YES_ERROR;
				CLANG_WARN_QUOTED_INCLUDE_IN_FRAMEWORK_HEADER = YES;
				CLANG_WARN_RANGE_LOOP_ANALYSIS = YES;
				CLANG_WARN_STRICT_PROTOTYPES = YES;
				CLANG_WARN_SUSPICIOUS_MOVE = YES;
				CLANG_WARN_UNREACHABLE_CODE = YES;
				CLANG_WARN__DUPLICATE_METHOD_MATCH = YES;
				"CODE_SIGN_IDENTITY[sdk=iphoneos*]" = "iPhone Developer";
				COPY_PHASE_STRIP = NO;
				DEBUG_INFORMATION_FORMAT = "dwarf-with-dsym";
				ENABLE_NS_ASSERTIONS = NO;
				ENABLE_STRICT_OBJC_MSGSEND = YES;
				GCC_C_LANGUAGE_STANDARD = gnu99;
				GCC_NO_COMMON_BLOCKS = YES;
				GCC_WARN_64_TO_32_BIT_CONVERSION = YES;
				GCC_WARN_ABOUT_RETURN_TYPE = YES_ERROR;
				GCC_WARN_UNDECLARED_SELECTOR = YES;
				GCC_WARN_UNINITIALIZED_AUTOS = YES_AGGRESSIVE;
				GCC_WARN_UNUSED_FUNCTION = YES;
				GCC_WARN_UNUSED_VARIABLE = YES;
				IPHONEOS_DEPLOYMENT_TARGET = 15.0;
				MTL_ENABLE_DEBUG_INFO = NO;
				SDKROOT = iphoneos;
				SWIFT_OPTIMIZATION_LEVEL = "-Owholemodule";
				SWIFT_VERSION = 4.2;
				TARGETED_DEVICE_FAMILY = "1,2";
				VALIDATE_PRODUCT = YES;
			};
			name = Release;
		};
		7AA677241CFF765600B353FB /* Debug */ = {
			isa = XCBuildConfiguration;
			baseConfigurationReference = F832D8CBECBB204152E1E99B /* SampleCode.xcconfig */;
			buildSettings = {
				ASSETCATALOG_COMPILER_APPICON_NAME = AppIcon;
				CODE_SIGN_IDENTITY = "iPhone Developer";
				DEVELOPMENT_TEAM = SS49K8ZTL9;
				INFOPLIST_FILE = FoodAnalyser/Info.plist;
				INFOPLIST_KEY_CFBundleDisplayName = "Food Analyser";
				INFOPLIST_KEY_LSApplicationCategoryType = "public.app-category.food-and-drink";
				IPHONEOS_DEPLOYMENT_TARGET = 15.4;
				LD_RUNPATH_SEARCH_PATHS = "$(inherited) @executable_path/Frameworks";
				PRODUCT_BUNDLE_IDENTIFIER = "com.example.apple-samplecode.AVCam${SAMPLE_CODE_DISAMBIGUATOR}";
				PRODUCT_NAME = "$(TARGET_NAME)";
				PROVISIONING_PROFILE_SPECIFIER = "";
				SDKROOT = iphoneos;
				SWIFT_VERSION = 5.0;
				TARGETED_DEVICE_FAMILY = 1;
			};
			name = Debug;
		};
		7AA677251CFF765600B353FB /* Release */ = {
			isa = XCBuildConfiguration;
			baseConfigurationReference = F832D8CBECBB204152E1E99B /* SampleCode.xcconfig */;
			buildSettings = {
				ASSETCATALOG_COMPILER_APPICON_NAME = AppIcon;
				CODE_SIGN_IDENTITY = "iPhone Developer";
				DEVELOPMENT_TEAM = SS49K8ZTL9;
				INFOPLIST_FILE = FoodAnalyser/Info.plist;
				INFOPLIST_KEY_CFBundleDisplayName = "Food Analyser";
				INFOPLIST_KEY_LSApplicationCategoryType = "public.app-category.food-and-drink";
				IPHONEOS_DEPLOYMENT_TARGET = 15.4;
				LD_RUNPATH_SEARCH_PATHS = "$(inherited) @executable_path/Frameworks";
				PRODUCT_BUNDLE_IDENTIFIER = "com.example.apple-samplecode.AVCam${SAMPLE_CODE_DISAMBIGUATOR}";
				PRODUCT_NAME = "$(TARGET_NAME)";
				PROVISIONING_PROFILE_SPECIFIER = "";
				SDKROOT = iphoneos;
				SWIFT_VERSION = 5.0;
				TARGETED_DEVICE_FAMILY = 1;
			};
			name = Release;
		};
/* End XCBuildConfiguration section */

/* Begin XCConfigurationList section */
		7AA6770C1CFF765500B353FB /* Build configuration list for PBXProject "Food Analyser" */ = {
			isa = XCConfigurationList;
			buildConfigurations = (
				7AA677211CFF765600B353FB /* Debug */,
				7AA677221CFF765600B353FB /* Release */,
			);
			defaultConfigurationIsVisible = 0;
			defaultConfigurationName = Release;
		};
		7AA677231CFF765600B353FB /* Build configuration list for PBXNativeTarget "FoodAnalyser" */ = {
			isa = XCConfigurationList;
			buildConfigurations = (
				7AA677241CFF765600B353FB /* Debug */,
				7AA677251CFF765600B353FB /* Release */,
			);
			defaultConfigurationIsVisible = 0;
			defaultConfigurationName = Release;
		};
/* End XCConfigurationList section */
	};
	rootObject = 7AA677091CFF765500B353FB /* Project object */;
}
